// !$*UTF8*$!
{
	archiveVersion = 1;
	classes = {
	};
	objectVersion = 55;
	objects = {

/* Begin PBXBuildFile section */
		57652CAC2912816200DAE7F5 /* AppDelegate.swift in Sources */ = {isa = PBXBuildFile; fileRef = 57652CAB2912816200DAE7F5 /* AppDelegate.swift */; };
		57652CB02912816200DAE7F5 /* LoginViewController.swift in Sources */ = {isa = PBXBuildFile; fileRef = 57652CAF2912816200DAE7F5 /* LoginViewController.swift */; };
		57652CB52912816500DAE7F5 /* Assets.xcassets in Resources */ = {isa = PBXBuildFile; fileRef = 57652CB42912816500DAE7F5 /* Assets.xcassets */; };
		57652CB82912816500DAE7F5 /* LaunchScreen.storyboard in Resources */ = {isa = PBXBuildFile; fileRef = 57652CB62912816500DAE7F5 /* LaunchScreen.storyboard */; };
		57652CC42912836400DAE7F5 /* LoginView.swift in Sources */ = {isa = PBXBuildFile; fileRef = 57652CC32912836400DAE7F5 /* LoginView.swift */; };
		57652CC7291291EB00DAE7F5 /* OnboardingContainerViewController.swift in Sources */ = {isa = PBXBuildFile; fileRef = 57652CC6291291EB00DAE7F5 /* OnboardingContainerViewController.swift */; };
		57652CC92912C4D600DAE7F5 /* OnboardingViewController.swift in Sources */ = {isa = PBXBuildFile; fileRef = 57652CC82912C4D600DAE7F5 /* OnboardingViewController.swift */; };
		57652CCB2912CDE500DAE7F5 /* DummyViewController.swift in Sources */ = {isa = PBXBuildFile; fileRef = 57652CCA2912CDE500DAE7F5 /* DummyViewController.swift */; };
		57652CCE2912D0D900DAE7F5 /* LocalState.swift in Sources */ = {isa = PBXBuildFile; fileRef = 57652CCD2912D0D900DAE7F5 /* LocalState.swift */; };
		57652CD02913CBC200DAE7F5 /* UIViewController+Utils.swift in Sources */ = {isa = PBXBuildFile; fileRef = 57652CCF2913CBC200DAE7F5 /* UIViewController+Utils.swift */; };
		57652CD22913CC0500DAE7F5 /* MainViewController.swift in Sources */ = {isa = PBXBuildFile; fileRef = 57652CD12913CC0500DAE7F5 /* MainViewController.swift */; };
		57652CD52913D31100DAE7F5 /* AccountSummaryViewController.swift in Sources */ = {isa = PBXBuildFile; fileRef = 57652CD42913D31100DAE7F5 /* AccountSummaryViewController.swift */; };
		57652CD72913D5A300DAE7F5 /* AccountSummaryHeaderView.swift in Sources */ = {isa = PBXBuildFile; fileRef = 57652CD62913D5A300DAE7F5 /* AccountSummaryHeaderView.swift */; };
		57652CD92913D5C600DAE7F5 /* AccountSummaryHeaderView.xib in Resources */ = {isa = PBXBuildFile; fileRef = 57652CD82913D5C600DAE7F5 /* AccountSummaryHeaderView.xib */; };
		57652CDD2913DC3100DAE7F5 /* AccountSummaryCell.swift in Sources */ = {isa = PBXBuildFile; fileRef = 57652CDC2913DC3100DAE7F5 /* AccountSummaryCell.swift */; };
		57652CDF2913E12600DAE7F5 /* CurrencyFormatter.swift in Sources */ = {isa = PBXBuildFile; fileRef = 57652CDE2913E12600DAE7F5 /* CurrencyFormatter.swift */; };
		57652CE12913E16300DAE7F5 /* Decimal+Utils.swift in Sources */ = {isa = PBXBuildFile; fileRef = 57652CE02913E16300DAE7F5 /* Decimal+Utils.swift */; };
		57652CE62913E39600DAE7F5 /* ProfileManageable.swift in Sources */ = {isa = PBXBuildFile; fileRef = 57652CE52913E39600DAE7F5 /* ProfileManageable.swift */; };
		57652CE82913E3CB00DAE7F5 /* Date+Utils.swift in Sources */ = {isa = PBXBuildFile; fileRef = 57652CE72913E3CB00DAE7F5 /* Date+Utils.swift */; };
		57652CEA2913E44500DAE7F5 /* SkeletonLoadable.swift in Sources */ = {isa = PBXBuildFile; fileRef = 57652CE92913E44500DAE7F5 /* SkeletonLoadable.swift */; };
		57652CEC2913E45B00DAE7F5 /* SkeletonCell.swift in Sources */ = {isa = PBXBuildFile; fileRef = 57652CEB2913E45B00DAE7F5 /* SkeletonCell.swift */; };
		57652CEE2913E49500DAE7F5 /* AccountSummaryViewController+Networking.swift in Sources */ = {isa = PBXBuildFile; fileRef = 57652CED2913E49500DAE7F5 /* AccountSummaryViewController+Networking.swift */; };
		57652CF12913E4BE00DAE7F5 /* ShakeyBellView.swift in Sources */ = {isa = PBXBuildFile; fileRef = 57652CF02913E4BE00DAE7F5 /* ShakeyBellView.swift */; };
		57E118A62914102D00A13BD4 /* CurrencyFormatterTests.swift in Sources */ = {isa = PBXBuildFile; fileRef = 57E118A52914102D00A13BD4 /* CurrencyFormatterTests.swift */; };
		57E118A8291415CF00A13BD4 /* NSNotificationName.swift in Sources */ = {isa = PBXBuildFile; fileRef = 57E118A7291415CF00A13BD4 /* NSNotificationName.swift */; };
		57E118AA29141E0500A13BD4 /* UITextField+SecureToggle.swift in Sources */ = {isa = PBXBuildFile; fileRef = 57E118A929141E0500A13BD4 /* UITextField+SecureToggle.swift */; };
		57E118AE2915219200A13BD4 /* ProfileTests.swift in Sources */ = {isa = PBXBuildFile; fileRef = 57E118AD2915219200A13BD4 /* ProfileTests.swift */; };
		57E118B0291521A800A13BD4 /* AccountTests.swift in Sources */ = {isa = PBXBuildFile; fileRef = 57E118AF291521A800A13BD4 /* AccountTests.swift */; };
		57E118B2291521BD00A13BD4 /* AccountSummaryViewControllerTests.swift in Sources */ = {isa = PBXBuildFile; fileRef = 57E118B1291521BD00A13BD4 /* AccountSummaryViewControllerTests.swift */; };
/* End PBXBuildFile section */

/* Begin PBXContainerItemProxy section */
		57E1189F29140F9A00A13BD4 /* PBXContainerItemProxy */ = {
			isa = PBXContainerItemProxy;
			containerPortal = 57652CA02912816200DAE7F5 /* Project object */;
			proxyType = 1;
			remoteGlobalIDString = 57652CA72912816200DAE7F5;
			remoteInfo = Bankey;
		};
/* End PBXContainerItemProxy section */

/* Begin PBXFileReference section */
		57652CA82912816200DAE7F5 /* Bankey.app */ = {isa = PBXFileReference; explicitFileType = wrapper.application; includeInIndex = 0; path = Bankey.app; sourceTree = BUILT_PRODUCTS_DIR; };
		57652CAB2912816200DAE7F5 /* AppDelegate.swift */ = {isa = PBXFileReference; lastKnownFileType = sourcecode.swift; path = AppDelegate.swift; sourceTree = "<group>"; };
		57652CAF2912816200DAE7F5 /* LoginViewController.swift */ = {isa = PBXFileReference; lastKnownFileType = sourcecode.swift; path = LoginViewController.swift; sourceTree = "<group>"; };
		57652CB42912816500DAE7F5 /* Assets.xcassets */ = {isa = PBXFileReference; lastKnownFileType = folder.assetcatalog; path = Assets.xcassets; sourceTree = "<group>"; };
		57652CB72912816500DAE7F5 /* Base */ = {isa = PBXFileReference; lastKnownFileType = file.storyboard; name = Base; path = Base.lproj/LaunchScreen.storyboard; sourceTree = "<group>"; };
		57652CB92912816500DAE7F5 /* Info.plist */ = {isa = PBXFileReference; lastKnownFileType = text.plist.xml; path = Info.plist; sourceTree = "<group>"; };
		57652CC32912836400DAE7F5 /* LoginView.swift */ = {isa = PBXFileReference; lastKnownFileType = sourcecode.swift; path = LoginView.swift; sourceTree = "<group>"; };
		57652CC6291291EB00DAE7F5 /* OnboardingContainerViewController.swift */ = {isa = PBXFileReference; lastKnownFileType = sourcecode.swift; path = OnboardingContainerViewController.swift; sourceTree = "<group>"; };
		57652CC82912C4D600DAE7F5 /* OnboardingViewController.swift */ = {isa = PBXFileReference; lastKnownFileType = sourcecode.swift; path = OnboardingViewController.swift; sourceTree = "<group>"; };
		57652CCA2912CDE500DAE7F5 /* DummyViewController.swift */ = {isa = PBXFileReference; lastKnownFileType = sourcecode.swift; path = DummyViewController.swift; sourceTree = "<group>"; };
		57652CCD2912D0D900DAE7F5 /* LocalState.swift */ = {isa = PBXFileReference; lastKnownFileType = sourcecode.swift; path = LocalState.swift; sourceTree = "<group>"; };
		57652CCF2913CBC200DAE7F5 /* UIViewController+Utils.swift */ = {isa = PBXFileReference; lastKnownFileType = sourcecode.swift; path = "UIViewController+Utils.swift"; sourceTree = "<group>"; };
		57652CD12913CC0500DAE7F5 /* MainViewController.swift */ = {isa = PBXFileReference; lastKnownFileType = sourcecode.swift; path = MainViewController.swift; sourceTree = "<group>"; };
		57652CD42913D31100DAE7F5 /* AccountSummaryViewController.swift */ = {isa = PBXFileReference; lastKnownFileType = sourcecode.swift; path = AccountSummaryViewController.swift; sourceTree = "<group>"; };
		57652CD62913D5A300DAE7F5 /* AccountSummaryHeaderView.swift */ = {isa = PBXFileReference; lastKnownFileType = sourcecode.swift; path = AccountSummaryHeaderView.swift; sourceTree = "<group>"; };
		57652CD82913D5C600DAE7F5 /* AccountSummaryHeaderView.xib */ = {isa = PBXFileReference; lastKnownFileType = file.xib; path = AccountSummaryHeaderView.xib; sourceTree = "<group>"; };
		57652CDC2913DC3100DAE7F5 /* AccountSummaryCell.swift */ = {isa = PBXFileReference; lastKnownFileType = sourcecode.swift; path = AccountSummaryCell.swift; sourceTree = "<group>"; };
		57652CDE2913E12600DAE7F5 /* CurrencyFormatter.swift */ = {isa = PBXFileReference; lastKnownFileType = sourcecode.swift; path = CurrencyFormatter.swift; sourceTree = "<group>"; };
		57652CE02913E16300DAE7F5 /* Decimal+Utils.swift */ = {isa = PBXFileReference; lastKnownFileType = sourcecode.swift; path = "Decimal+Utils.swift"; sourceTree = "<group>"; };
		57652CE52913E39600DAE7F5 /* ProfileManageable.swift */ = {isa = PBXFileReference; lastKnownFileType = sourcecode.swift; path = ProfileManageable.swift; sourceTree = "<group>"; };
		57652CE72913E3CB00DAE7F5 /* Date+Utils.swift */ = {isa = PBXFileReference; lastKnownFileType = sourcecode.swift; path = "Date+Utils.swift"; sourceTree = "<group>"; };
		57652CE92913E44500DAE7F5 /* SkeletonLoadable.swift */ = {isa = PBXFileReference; lastKnownFileType = sourcecode.swift; path = SkeletonLoadable.swift; sourceTree = "<group>"; };
		57652CEB2913E45B00DAE7F5 /* SkeletonCell.swift */ = {isa = PBXFileReference; lastKnownFileType = sourcecode.swift; path = SkeletonCell.swift; sourceTree = "<group>"; };
		57652CED2913E49500DAE7F5 /* AccountSummaryViewController+Networking.swift */ = {isa = PBXFileReference; lastKnownFileType = sourcecode.swift; path = "AccountSummaryViewController+Networking.swift"; sourceTree = "<group>"; };
		57652CF02913E4BE00DAE7F5 /* ShakeyBellView.swift */ = {isa = PBXFileReference; lastKnownFileType = sourcecode.swift; path = ShakeyBellView.swift; sourceTree = "<group>"; };
		57E1189B29140F9A00A13BD4 /* BankeyUnitTests.xctest */ = {isa = PBXFileReference; explicitFileType = wrapper.cfbundle; includeInIndex = 0; path = BankeyUnitTests.xctest; sourceTree = BUILT_PRODUCTS_DIR; };
		57E118A52914102D00A13BD4 /* CurrencyFormatterTests.swift */ = {isa = PBXFileReference; lastKnownFileType = sourcecode.swift; path = CurrencyFormatterTests.swift; sourceTree = "<group>"; };
		57E118A7291415CF00A13BD4 /* NSNotificationName.swift */ = {isa = PBXFileReference; lastKnownFileType = sourcecode.swift; path = NSNotificationName.swift; sourceTree = "<group>"; };
		57E118A929141E0500A13BD4 /* UITextField+SecureToggle.swift */ = {isa = PBXFileReference; lastKnownFileType = sourcecode.swift; path = "UITextField+SecureToggle.swift"; sourceTree = "<group>"; };
		57E118AD2915219200A13BD4 /* ProfileTests.swift */ = {isa = PBXFileReference; lastKnownFileType = sourcecode.swift; path = ProfileTests.swift; sourceTree = "<group>"; };
		57E118AF291521A800A13BD4 /* AccountTests.swift */ = {isa = PBXFileReference; lastKnownFileType = sourcecode.swift; path = AccountTests.swift; sourceTree = "<group>"; };
		57E118B1291521BD00A13BD4 /* AccountSummaryViewControllerTests.swift */ = {isa = PBXFileReference; lastKnownFileType = sourcecode.swift; path = AccountSummaryViewControllerTests.swift; sourceTree = "<group>"; };
/* End PBXFileReference section */

/* Begin PBXFrameworksBuildPhase section */
		57652CA52912816200DAE7F5 /* Frameworks */ = {
			isa = PBXFrameworksBuildPhase;
			buildActionMask = 2147483647;
			files = (
			);
			runOnlyForDeploymentPostprocessing = 0;
		};
		57E1189829140F9A00A13BD4 /* Frameworks */ = {
			isa = PBXFrameworksBuildPhase;
			buildActionMask = 2147483647;
			files = (
			);
			runOnlyForDeploymentPostprocessing = 0;
		};
/* End PBXFrameworksBuildPhase section */

/* Begin PBXGroup section */
		57652C9F2912816200DAE7F5 = {
			isa = PBXGroup;
			children = (
				57652CAA2912816200DAE7F5 /* Bankey */,
				57E1189C29140F9A00A13BD4 /* BankeyUnitTests */,
				57652CA92912816200DAE7F5 /* Products */,
			);
			sourceTree = "<group>";
		};
		57652CA92912816200DAE7F5 /* Products */ = {
			isa = PBXGroup;
			children = (
				57652CA82912816200DAE7F5 /* Bankey.app */,
				57E1189B29140F9A00A13BD4 /* BankeyUnitTests.xctest */,
			);
			name = Products;
			sourceTree = "<group>";
		};
		57652CAA2912816200DAE7F5 /* Bankey */ = {
			isa = PBXGroup;
			children = (
				57652CAB2912816200DAE7F5 /* AppDelegate.swift */,
				57652CD12913CC0500DAE7F5 /* MainViewController.swift */,
				57652CC22912832300DAE7F5 /* Login */,
				57652CC5291291D500DAE7F5 /* Onboarding */,
				57652CD32913D2F600DAE7F5 /* AccountSummary */,
				57652CCC2912D0C500DAE7F5 /* Utils */,
				57652CE22913E37C00DAE7F5 /* Networking */,
				57652CEF2913E4B600DAE7F5 /* Component */,
				57652CC0291282E500DAE7F5 /* Files */,
			);
			path = Bankey;
			sourceTree = "<group>";
		};
		57652CC0291282E500DAE7F5 /* Files */ = {
			isa = PBXGroup;
			children = (
				57652CB42912816500DAE7F5 /* Assets.xcassets */,
				57652CB62912816500DAE7F5 /* LaunchScreen.storyboard */,
				57652CB92912816500DAE7F5 /* Info.plist */,
			);
			name = Files;
			sourceTree = "<group>";
		};
		57652CC22912832300DAE7F5 /* Login */ = {
			isa = PBXGroup;
			children = (
				57652CAF2912816200DAE7F5 /* LoginViewController.swift */,
				57652CC32912836400DAE7F5 /* LoginView.swift */,
			);
			path = Login;
			sourceTree = "<group>";
		};
		57652CC5291291D500DAE7F5 /* Onboarding */ = {
			isa = PBXGroup;
			children = (
				57652CC6291291EB00DAE7F5 /* OnboardingContainerViewController.swift */,
				57652CC82912C4D600DAE7F5 /* OnboardingViewController.swift */,
				57652CCA2912CDE500DAE7F5 /* DummyViewController.swift */,
			);
			path = Onboarding;
			sourceTree = "<group>";
		};
		57652CCC2912D0C500DAE7F5 /* Utils */ = {
			isa = PBXGroup;
			children = (
				57652CCD2912D0D900DAE7F5 /* LocalState.swift */,
				57652CCF2913CBC200DAE7F5 /* UIViewController+Utils.swift */,
				57652CDE2913E12600DAE7F5 /* CurrencyFormatter.swift */,
				57652CE02913E16300DAE7F5 /* Decimal+Utils.swift */,
				57652CE72913E3CB00DAE7F5 /* Date+Utils.swift */,
				57E118A7291415CF00A13BD4 /* NSNotificationName.swift */,
				57E118A929141E0500A13BD4 /* UITextField+SecureToggle.swift */,
			);
			path = Utils;
			sourceTree = "<group>";
		};
		57652CD32913D2F600DAE7F5 /* AccountSummary */ = {
			isa = PBXGroup;
			children = (
				57652CED2913E49500DAE7F5 /* AccountSummaryViewController+Networking.swift */,
				57652CD42913D31100DAE7F5 /* AccountSummaryViewController.swift */,
				57652CDB2913DC1500DAE7F5 /* Cell */,
				57652CDA2913D5CC00DAE7F5 /* Header */,
			);
			path = AccountSummary;
			sourceTree = "<group>";
		};
		57652CDA2913D5CC00DAE7F5 /* Header */ = {
			isa = PBXGroup;
			children = (
				57652CD62913D5A300DAE7F5 /* AccountSummaryHeaderView.swift */,
				57652CD82913D5C600DAE7F5 /* AccountSummaryHeaderView.xib */,
			);
			path = Header;
			sourceTree = "<group>";
		};
		57652CDB2913DC1500DAE7F5 /* Cell */ = {
			isa = PBXGroup;
			children = (
				57652CDC2913DC3100DAE7F5 /* AccountSummaryCell.swift */,
				57652CE92913E44500DAE7F5 /* SkeletonLoadable.swift */,
				57652CEB2913E45B00DAE7F5 /* SkeletonCell.swift */,
			);
			path = Cell;
			sourceTree = "<group>";
		};
		57652CE22913E37C00DAE7F5 /* Networking */ = {
			isa = PBXGroup;
			children = (
				57652CE52913E39600DAE7F5 /* ProfileManageable.swift */,
			);
			path = Networking;
			sourceTree = "<group>";
		};
		57652CEF2913E4B600DAE7F5 /* Component */ = {
			isa = PBXGroup;
			children = (
				57652CF02913E4BE00DAE7F5 /* ShakeyBellView.swift */,
			);
			path = Component;
			sourceTree = "<group>";
		};
		57E1189C29140F9A00A13BD4 /* BankeyUnitTests */ = {
			isa = PBXGroup;
			children = (
				57E118AC2915218300A13BD4 /* AccountSummary */,
				57E118AB2915217800A13BD4 /* Utils */,
			);
			path = BankeyUnitTests;
			sourceTree = "<group>";
		};
		57E118AB2915217800A13BD4 /* Utils */ = {
			isa = PBXGroup;
			children = (
				57E118A52914102D00A13BD4 /* CurrencyFormatterTests.swift */,
			);
			path = Utils;
			sourceTree = "<group>";
		};
		57E118AC2915218300A13BD4 /* AccountSummary */ = {
			isa = PBXGroup;
			children = (
				57E118AD2915219200A13BD4 /* ProfileTests.swift */,
				57E118AF291521A800A13BD4 /* AccountTests.swift */,
				57E118B1291521BD00A13BD4 /* AccountSummaryViewControllerTests.swift */,
			);
			path = AccountSummary;
			sourceTree = "<group>";
		};
/* End PBXGroup section */

/* Begin PBXNativeTarget section */
		57652CA72912816200DAE7F5 /* Bankey */ = {
			isa = PBXNativeTarget;
			buildConfigurationList = 57652CBC2912816500DAE7F5 /* Build configuration list for PBXNativeTarget "Bankey" */;
			buildPhases = (
				57652CA42912816200DAE7F5 /* Sources */,
				57652CA52912816200DAE7F5 /* Frameworks */,
				57652CA62912816200DAE7F5 /* Resources */,
			);
			buildRules = (
			);
			dependencies = (
			);
			name = Bankey;
			productName = Bankey;
			productReference = 57652CA82912816200DAE7F5 /* Bankey.app */;
			productType = "com.apple.product-type.application";
		};
		57E1189A29140F9A00A13BD4 /* BankeyUnitTests */ = {
			isa = PBXNativeTarget;
			buildConfigurationList = 57E118A129140F9A00A13BD4 /* Build configuration list for PBXNativeTarget "BankeyUnitTests" */;
			buildPhases = (
				57E1189729140F9A00A13BD4 /* Sources */,
				57E1189829140F9A00A13BD4 /* Frameworks */,
				57E1189929140F9A00A13BD4 /* Resources */,
			);
			buildRules = (
			);
			dependencies = (
				57E118A029140F9A00A13BD4 /* PBXTargetDependency */,
			);
			name = BankeyUnitTests;
			productName = BankeyUnitTests;
			productReference = 57E1189B29140F9A00A13BD4 /* BankeyUnitTests.xctest */;
			productType = "com.apple.product-type.bundle.unit-test";
		};
/* End PBXNativeTarget section */

/* Begin PBXProject section */
		57652CA02912816200DAE7F5 /* Project object */ = {
			isa = PBXProject;
			attributes = {
				BuildIndependentTargetsInParallel = 1;
				LastSwiftUpdateCheck = 1340;
				LastUpgradeCheck = 1340;
				TargetAttributes = {
					57652CA72912816200DAE7F5 = {
						CreatedOnToolsVersion = 13.4;
					};
					57E1189A29140F9A00A13BD4 = {
						CreatedOnToolsVersion = 13.4;
						LastSwiftMigration = 1340;
						TestTargetID = 57652CA72912816200DAE7F5;
					};
				};
			};
			buildConfigurationList = 57652CA32912816200DAE7F5 /* Build configuration list for PBXProject "Bankey" */;
			compatibilityVersion = "Xcode 13.0";
			developmentRegion = en;
			hasScannedForEncodings = 0;
			knownRegions = (
				en,
				Base,
			);
			mainGroup = 57652C9F2912816200DAE7F5;
			productRefGroup = 57652CA92912816200DAE7F5 /* Products */;
			projectDirPath = "";
			projectRoot = "";
			targets = (
				57652CA72912816200DAE7F5 /* Bankey */,
				57E1189A29140F9A00A13BD4 /* BankeyUnitTests */,
			);
		};
/* End PBXProject section */

/* Begin PBXResourcesBuildPhase section */
		57652CA62912816200DAE7F5 /* Resources */ = {
			isa = PBXResourcesBuildPhase;
			buildActionMask = 2147483647;
			files = (
				57652CD92913D5C600DAE7F5 /* AccountSummaryHeaderView.xib in Resources */,
				57652CB82912816500DAE7F5 /* LaunchScreen.storyboard in Resources */,
				57652CB52912816500DAE7F5 /* Assets.xcassets in Resources */,
			);
			runOnlyForDeploymentPostprocessing = 0;
		};
		57E1189929140F9A00A13BD4 /* Resources */ = {
			isa = PBXResourcesBuildPhase;
			buildActionMask = 2147483647;
			files = (
			);
			runOnlyForDeploymentPostprocessing = 0;
		};
/* End PBXResourcesBuildPhase section */

/* Begin PBXSourcesBuildPhase section */
		57652CA42912816200DAE7F5 /* Sources */ = {
			isa = PBXSourcesBuildPhase;
			buildActionMask = 2147483647;
			files = (
				57652CD02913CBC200DAE7F5 /* UIViewController+Utils.swift in Sources */,
				57E118A8291415CF00A13BD4 /* NSNotificationName.swift in Sources */,
				57652CE12913E16300DAE7F5 /* Decimal+Utils.swift in Sources */,
				57652CCB2912CDE500DAE7F5 /* DummyViewController.swift in Sources */,
				57652CCE2912D0D900DAE7F5 /* LocalState.swift in Sources */,
				57652CEC2913E45B00DAE7F5 /* SkeletonCell.swift in Sources */,
				57652CD72913D5A300DAE7F5 /* AccountSummaryHeaderView.swift in Sources */,
				57652CE82913E3CB00DAE7F5 /* Date+Utils.swift in Sources */,
				57652CC42912836400DAE7F5 /* LoginView.swift in Sources */,
				57652CB02912816200DAE7F5 /* LoginViewController.swift in Sources */,
				57652CDF2913E12600DAE7F5 /* CurrencyFormatter.swift in Sources */,
				57652CDD2913DC3100DAE7F5 /* AccountSummaryCell.swift in Sources */,
				57652CC92912C4D600DAE7F5 /* OnboardingViewController.swift in Sources */,
				57652CEA2913E44500DAE7F5 /* SkeletonLoadable.swift in Sources */,
				57652CE62913E39600DAE7F5 /* ProfileManageable.swift in Sources */,
				57652CD22913CC0500DAE7F5 /* MainViewController.swift in Sources */,
				57E118AA29141E0500A13BD4 /* UITextField+SecureToggle.swift in Sources */,
				57652CD52913D31100DAE7F5 /* AccountSummaryViewController.swift in Sources */,
				57652CAC2912816200DAE7F5 /* AppDelegate.swift in Sources */,
				57652CC7291291EB00DAE7F5 /* OnboardingContainerViewController.swift in Sources */,
				57652CF12913E4BE00DAE7F5 /* ShakeyBellView.swift in Sources */,
				57652CEE2913E49500DAE7F5 /* AccountSummaryViewController+Networking.swift in Sources */,
			);
			runOnlyForDeploymentPostprocessing = 0;
		};
		57E1189729140F9A00A13BD4 /* Sources */ = {
			isa = PBXSourcesBuildPhase;
			buildActionMask = 2147483647;
			files = (
				57E118A62914102D00A13BD4 /* CurrencyFormatterTests.swift in Sources */,
				57E118B0291521A800A13BD4 /* AccountTests.swift in Sources */,
				57E118AE2915219200A13BD4 /* ProfileTests.swift in Sources */,
				57E118B2291521BD00A13BD4 /* AccountSummaryViewControllerTests.swift in Sources */,
			);
			runOnlyForDeploymentPostprocessing = 0;
		};
/* End PBXSourcesBuildPhase section */

/* Begin PBXTargetDependency section */
		57E118A029140F9A00A13BD4 /* PBXTargetDependency */ = {
			isa = PBXTargetDependency;
			target = 57652CA72912816200DAE7F5 /* Bankey */;
			targetProxy = 57E1189F29140F9A00A13BD4 /* PBXContainerItemProxy */;
		};
/* End PBXTargetDependency section */

/* Begin PBXVariantGroup section */
		57652CB62912816500DAE7F5 /* LaunchScreen.storyboard */ = {
			isa = PBXVariantGroup;
			children = (
				57652CB72912816500DAE7F5 /* Base */,
			);
			name = LaunchScreen.storyboard;
			sourceTree = "<group>";
		};
/* End PBXVariantGroup section */

/* Begin XCBuildConfiguration section */
		57652CBA2912816500DAE7F5 /* Debug */ = {
			isa = XCBuildConfiguration;
			buildSettings = {
				ALWAYS_SEARCH_USER_PATHS = NO;
				CLANG_ANALYZER_NONNULL = YES;
				CLANG_ANALYZER_NUMBER_OBJECT_CONVERSION = YES_AGGRESSIVE;
				CLANG_CXX_LANGUAGE_STANDARD = "gnu++17";
				CLANG_ENABLE_MODULES = YES;
				CLANG_ENABLE_OBJC_ARC = YES;
				CLANG_ENABLE_OBJC_WEAK = YES;
				CLANG_WARN_BLOCK_CAPTURE_AUTORELEASING = YES;
				CLANG_WARN_BOOL_CONVERSION = YES;
				CLANG_WARN_COMMA = YES;
				CLANG_WARN_CONSTANT_CONVERSION = YES;
				CLANG_WARN_DEPRECATED_OBJC_IMPLEMENTATIONS = YES;
				CLANG_WARN_DIRECT_OBJC_ISA_USAGE = YES_ERROR;
				CLANG_WARN_DOCUMENTATION_COMMENTS = YES;
				CLANG_WARN_EMPTY_BODY = YES;
				CLANG_WARN_ENUM_CONVERSION = YES;
				CLANG_WARN_INFINITE_RECURSION = YES;
				CLANG_WARN_INT_CONVERSION = YES;
				CLANG_WARN_NON_LITERAL_NULL_CONVERSION = YES;
				CLANG_WARN_OBJC_IMPLICIT_RETAIN_SELF = YES;
				CLANG_WARN_OBJC_LITERAL_CONVERSION = YES;
				CLANG_WARN_OBJC_ROOT_CLASS = YES_ERROR;
				CLANG_WARN_QUOTED_INCLUDE_IN_FRAMEWORK_HEADER = YES;
				CLANG_WARN_RANGE_LOOP_ANALYSIS = YES;
				CLANG_WARN_STRICT_PROTOTYPES = YES;
				CLANG_WARN_SUSPICIOUS_MOVE = YES;
				CLANG_WARN_UNGUARDED_AVAILABILITY = YES_AGGRESSIVE;
				CLANG_WARN_UNREACHABLE_CODE = YES;
				CLANG_WARN__DUPLICATE_METHOD_MATCH = YES;
				COPY_PHASE_STRIP = NO;
				DEBUG_INFORMATION_FORMAT = dwarf;
				ENABLE_STRICT_OBJC_MSGSEND = YES;
				ENABLE_TESTABILITY = YES;
				GCC_C_LANGUAGE_STANDARD = gnu11;
				GCC_DYNAMIC_NO_PIC = NO;
				GCC_NO_COMMON_BLOCKS = YES;
				GCC_OPTIMIZATION_LEVEL = 0;
				GCC_PREPROCESSOR_DEFINITIONS = (
					"DEBUG=1",
					"$(inherited)",
				);
				GCC_WARN_64_TO_32_BIT_CONVERSION = YES;
				GCC_WARN_ABOUT_RETURN_TYPE = YES_ERROR;
				GCC_WARN_UNDECLARED_SELECTOR = YES;
				GCC_WARN_UNINITIALIZED_AUTOS = YES_AGGRESSIVE;
				GCC_WARN_UNUSED_FUNCTION = YES;
				GCC_WARN_UNUSED_VARIABLE = YES;
				IPHONEOS_DEPLOYMENT_TARGET = 15.5;
				MTL_ENABLE_DEBUG_INFO = INCLUDE_SOURCE;
				MTL_FAST_MATH = YES;
				ONLY_ACTIVE_ARCH = YES;
				SDKROOT = iphoneos;
				SWIFT_ACTIVE_COMPILATION_CONDITIONS = DEBUG;
				SWIFT_OPTIMIZATION_LEVEL = "-Onone";
			};
			name = Debug;
		};
		57652CBB2912816500DAE7F5 /* Release */ = {
			isa = XCBuildConfiguration;
			buildSettings = {
				ALWAYS_SEARCH_USER_PATHS = NO;
				CLANG_ANALYZER_NONNULL = YES;
				CLANG_ANALYZER_NUMBER_OBJECT_CONVERSION = YES_AGGRESSIVE;
				CLANG_CXX_LANGUAGE_STANDARD = "gnu++17";
				CLANG_ENABLE_MODULES = YES;
				CLANG_ENABLE_OBJC_ARC = YES;
				CLANG_ENABLE_OBJC_WEAK = YES;
				CLANG_WARN_BLOCK_CAPTURE_AUTORELEASING = YES;
				CLANG_WARN_BOOL_CONVERSION = YES;
				CLANG_WARN_COMMA = YES;
				CLANG_WARN_CONSTANT_CONVERSION = YES;
				CLANG_WARN_DEPRECATED_OBJC_IMPLEMENTATIONS = YES;
				CLANG_WARN_DIRECT_OBJC_ISA_USAGE = YES_ERROR;
				CLANG_WARN_DOCUMENTATION_COMMENTS = YES;
				CLANG_WARN_EMPTY_BODY = YES;
				CLANG_WARN_ENUM_CONVERSION = YES;
				CLANG_WARN_INFINITE_RECURSION = YES;
				CLANG_WARN_INT_CONVERSION = YES;
				CLANG_WARN_NON_LITERAL_NULL_CONVERSION = YES;
				CLANG_WARN_OBJC_IMPLICIT_RETAIN_SELF = YES;
				CLANG_WARN_OBJC_LITERAL_CONVERSION = YES;
				CLANG_WARN_OBJC_ROOT_CLASS = YES_ERROR;
				CLANG_WARN_QUOTED_INCLUDE_IN_FRAMEWORK_HEADER = YES;
				CLANG_WARN_RANGE_LOOP_ANALYSIS = YES;
				CLANG_WARN_STRICT_PROTOTYPES = YES;
				CLANG_WARN_SUSPICIOUS_MOVE = YES;
				CLANG_WARN_UNGUARDED_AVAILABILITY = YES_AGGRESSIVE;
				CLANG_WARN_UNREACHABLE_CODE = YES;
				CLANG_WARN__DUPLICATE_METHOD_MATCH = YES;
				COPY_PHASE_STRIP = NO;
				DEBUG_INFORMATION_FORMAT = "dwarf-with-dsym";
				ENABLE_NS_ASSERTIONS = NO;
				ENABLE_STRICT_OBJC_MSGSEND = YES;
				GCC_C_LANGUAGE_STANDARD = gnu11;
				GCC_NO_COMMON_BLOCKS = YES;
				GCC_WARN_64_TO_32_BIT_CONVERSION = YES;
				GCC_WARN_ABOUT_RETURN_TYPE = YES_ERROR;
				GCC_WARN_UNDECLARED_SELECTOR = YES;
				GCC_WARN_UNINITIALIZED_AUTOS = YES_AGGRESSIVE;
				GCC_WARN_UNUSED_FUNCTION = YES;
				GCC_WARN_UNUSED_VARIABLE = YES;
				IPHONEOS_DEPLOYMENT_TARGET = 15.5;
				MTL_ENABLE_DEBUG_INFO = NO;
				MTL_FAST_MATH = YES;
				SDKROOT = iphoneos;
				SWIFT_COMPILATION_MODE = wholemodule;
				SWIFT_OPTIMIZATION_LEVEL = "-O";
				VALIDATE_PRODUCT = YES;
			};
			name = Release;
		};
		57652CBD2912816500DAE7F5 /* Debug */ = {
			isa = XCBuildConfiguration;
			buildSettings = {
				ASSETCATALOG_COMPILER_APPICON_NAME = AppIcon;
				ASSETCATALOG_COMPILER_GLOBAL_ACCENT_COLOR_NAME = AccentColor;
				CODE_SIGN_STYLE = Automatic;
				CURRENT_PROJECT_VERSION = 1;
				DEVELOPMENT_TEAM = DMF923GY8Z;
				GENERATE_INFOPLIST_FILE = YES;
				INFOPLIST_FILE = Bankey/Info.plist;
				INFOPLIST_KEY_UIApplicationSupportsIndirectInputEvents = YES;
				INFOPLIST_KEY_UILaunchStoryboardName = LaunchScreen;
				INFOPLIST_KEY_UISupportedInterfaceOrientations_iPad = "UIInterfaceOrientationPortrait UIInterfaceOrientationPortraitUpsideDown UIInterfaceOrientationLandscapeLeft UIInterfaceOrientationLandscapeRight";
				INFOPLIST_KEY_UISupportedInterfaceOrientations_iPhone = "UIInterfaceOrientationPortrait UIInterfaceOrientationLandscapeLeft UIInterfaceOrientationLandscapeRight";
				LD_RUNPATH_SEARCH_PATHS = (
					"$(inherited)",
					"@executable_path/Frameworks",
				);
				MARKETING_VERSION = 1.0;
				PRODUCT_BUNDLE_IDENTIFIER = branco.marygimm.Bankey;
				PRODUCT_NAME = "$(TARGET_NAME)";
				SWIFT_EMIT_LOC_STRINGS = YES;
				SWIFT_VERSION = 5.0;
				TARGETED_DEVICE_FAMILY = "1,2";
			};
			name = Debug;
		};
		57652CBE2912816500DAE7F5 /* Release */ = {
			isa = XCBuildConfiguration;
			buildSettings = {
				ASSETCATALOG_COMPILER_APPICON_NAME = AppIcon;
				ASSETCATALOG_COMPILER_GLOBAL_ACCENT_COLOR_NAME = AccentColor;
				CODE_SIGN_STYLE = Automatic;
				CURRENT_PROJECT_VERSION = 1;
				DEVELOPMENT_TEAM = DMF923GY8Z;
				GENERATE_INFOPLIST_FILE = YES;
				INFOPLIST_FILE = Bankey/Info.plist;
				INFOPLIST_KEY_UIApplicationSupportsIndirectInputEvents = YES;
				INFOPLIST_KEY_UILaunchStoryboardName = LaunchScreen;
				INFOPLIST_KEY_UISupportedInterfaceOrientations_iPad = "UIInterfaceOrientationPortrait UIInterfaceOrientationPortraitUpsideDown UIInterfaceOrientationLandscapeLeft UIInterfaceOrientationLandscapeRight";
				INFOPLIST_KEY_UISupportedInterfaceOrientations_iPhone = "UIInterfaceOrientationPortrait UIInterfaceOrientationLandscapeLeft UIInterfaceOrientationLandscapeRight";
				LD_RUNPATH_SEARCH_PATHS = (
					"$(inherited)",
					"@executable_path/Frameworks",
				);
				MARKETING_VERSION = 1.0;
				PRODUCT_BUNDLE_IDENTIFIER = branco.marygimm.Bankey;
				PRODUCT_NAME = "$(TARGET_NAME)";
				SWIFT_EMIT_LOC_STRINGS = YES;
				SWIFT_VERSION = 5.0;
				TARGETED_DEVICE_FAMILY = "1,2";
			};
			name = Release;
		};
		57E118A229140F9A00A13BD4 /* Debug */ = {
			isa = XCBuildConfiguration;
			buildSettings = {
				BUNDLE_LOADER = "$(TEST_HOST)";
				CLANG_ENABLE_MODULES = YES;
				CODE_SIGN_STYLE = Automatic;
				CURRENT_PROJECT_VERSION = 1;
				DEVELOPMENT_TEAM = DMF923GY8Z;
				GENERATE_INFOPLIST_FILE = YES;
				LD_RUNPATH_SEARCH_PATHS = (
					"$(inherited)",
					"@executable_path/Frameworks",
					"@loader_path/Frameworks",
				);
				MARKETING_VERSION = 1.0;
				PRODUCT_BUNDLE_IDENTIFIER = branco.marygimm.BankeyUnitTests;
				PRODUCT_NAME = "$(TARGET_NAME)";
				SWIFT_EMIT_LOC_STRINGS = NO;
				SWIFT_OBJC_BRIDGING_HEADER = "BankeyUnitTests/BankeyUnitTests-Bridging-Header.h";
				SWIFT_OPTIMIZATION_LEVEL = "-Onone";
				SWIFT_VERSION = 5.0;
				TARGETED_DEVICE_FAMILY = "1,2";
				TEST_HOST = "$(BUILT_PRODUCTS_DIR)/Bankey.app/Bankey";
			};
			name = Debug;
		};
		57E118A329140F9A00A13BD4 /* Release */ = {
			isa = XCBuildConfiguration;
			buildSettings = {
				BUNDLE_LOADER = "$(TEST_HOST)";
				CLANG_ENABLE_MODULES = YES;
				CODE_SIGN_STYLE = Automatic;
				CURRENT_PROJECT_VERSION = 1;
				DEVELOPMENT_TEAM = DMF923GY8Z;
				GENERATE_INFOPLIST_FILE = YES;
				LD_RUNPATH_SEARCH_PATHS = (
					"$(inherited)",
					"@executable_path/Frameworks",
					"@loader_path/Frameworks",
				);
				MARKETING_VERSION = 1.0;
				PRODUCT_BUNDLE_IDENTIFIER = branco.marygimm.BankeyUnitTests;
				PRODUCT_NAME = "$(TARGET_NAME)";
				SWIFT_EMIT_LOC_STRINGS = NO;
				SWIFT_OBJC_BRIDGING_HEADER = "BankeyUnitTests/BankeyUnitTests-Bridging-Header.h";
				SWIFT_VERSION = 5.0;
				TARGETED_DEVICE_FAMILY = "1,2";
				TEST_HOST = "$(BUILT_PRODUCTS_DIR)/Bankey.app/Bankey";
			};
			name = Release;
		};
/* End XCBuildConfiguration section */

/* Begin XCConfigurationList section */
		57652CA32912816200DAE7F5 /* Build configuration list for PBXProject "Bankey" */ = {
			isa = XCConfigurationList;
			buildConfigurations = (
				57652CBA2912816500DAE7F5 /* Debug */,
				57652CBB2912816500DAE7F5 /* Release */,
			);
			defaultConfigurationIsVisible = 0;
			defaultConfigurationName = Release;
		};
		57652CBC2912816500DAE7F5 /* Build configuration list for PBXNativeTarget "Bankey" */ = {
			isa = XCConfigurationList;
			buildConfigurations = (
				57652CBD2912816500DAE7F5 /* Debug */,
				57652CBE2912816500DAE7F5 /* Release */,
			);
			defaultConfigurationIsVisible = 0;
			defaultConfigurationName = Release;
		};
		57E118A129140F9A00A13BD4 /* Build configuration list for PBXNativeTarget "BankeyUnitTests" */ = {
			isa = XCConfigurationList;
			buildConfigurations = (
				57E118A229140F9A00A13BD4 /* Debug */,
				57E118A329140F9A00A13BD4 /* Release */,
			);
			defaultConfigurationIsVisible = 0;
			defaultConfigurationName = Release;
		};
/* End XCConfigurationList section */
	};
	rootObject = 57652CA02912816200DAE7F5 /* Project object */;
}
